
Microsoft Visual Studio Solution File, Format Version 12.00
# Visual Studio Version 16
VisualStudioVersion = 16.0.30406.217
MinimumVisualStudioVersion = 10.0.40219.1
Project("{FAE04EC0-301F-11D3-BF4B-00C04F79EFBC}") = "EmployeeManagement", "EmployeeManagement\EmployeeManagement.csproj", "{71278D68-39CB-4C0B-BDA8-7EC6F2264782}"
EndProject
Project("{FAE04EC0-301F-11D3-BF4B-00C04F79EFBC}") = "EmployeeManagementWebAPI", "EmployeeManagementWebAPI\EmployeeManagementWebAPI.csproj", "{4C6FC41F-D127-471B-B08E-567C61E99180}"
EndProject
Global
	GlobalSection(SolutionConfigurationPlatforms) = preSolution
		Debug|Any CPU = Debug|Any CPU
		Release|Any CPU = Release|Any CPU
	EndGlobalSection
	GlobalSection(ProjectConfigurationPlatforms) = postSolution
		{71278D68-39CB-4C0B-BDA8-7EC6F2264782}.Debug|Any CPU.ActiveCfg = Debug|Any CPU
		{71278D68-39CB-4C0B-BDA8-7EC6F2264782}.Debug|Any CPU.Build.0 = Debug|Any CPU
		{71278D68-39CB-4C0B-BDA8-7EC6F2264782}.Release|Any CPU.ActiveCfg = Release|Any CPU
		{71278D68-39CB-4C0B-BDA8-7EC6F2264782}.Release|Any CPU.Build.0 = Release|Any CPU
		{4C6FC41F-D127-471B-B08E-567C61E99180}.Debug|Any CPU.ActiveCfg = Debug|Any CPU
		{4C6FC41F-D127-471B-B08E-567C61E99180}.Debug|Any CPU.Build.0 = Debug|Any CPU
		{4C6FC41F-D127-471B-B08E-567C61E99180}.Release|Any CPU.ActiveCfg = Release|Any CPU
		{4C6FC41F-D127-471B-B08E-567C61E99180}.Release|Any CPU.Build.0 = Release|Any CPU
	EndGlobalSection
	GlobalSection(SolutionProperties) = preSolution
		HideSolutionNode = FALSE
	EndGlobalSection
	GlobalSection(ExtensibilityGlobals) = postSolution
		SolutionGuid = {1DEE9E58-3C14-49EE-A86B-A3873FF1F82C}
	EndGlobalSection
EndGlobal
